
Microsoft Visual Studio Solution File, Format Version 12.00
# Visual Studio Version 16
VisualStudioVersion = 16.0.32510.428
MinimumVisualStudioVersion = 10.0.40219.1
Project("{FAE04EC0-301F-11D3-BF4B-00C04F79EFBC}") = "Calc.NumbersPage", "SumNumbersProject\Calc.NumbersPage.csproj", "{196A30DF-13B7-4ED0-88DD-758C775CDDF1}"
EndProject
Project("{FAE04EC0-301F-11D3-BF4B-00C04F79EFBC}") = "SumNumbers_Tests", "SumNumbers_Test\SumNumbers_Tests.csproj", "{5D497D08-1856-4D3B-9CDC-739ACC40ADD3}"
EndProject
Global
	GlobalSection(SolutionConfigurationPlatforms) = preSolution
		Debug|Any CPU = Debug|Any CPU
		Release|Any CPU = Release|Any CPU
	EndGlobalSection
	GlobalSection(ProjectConfigurationPlatforms) = postSolution
		{196A30DF-13B7-4ED0-88DD-758C775CDDF1}.Debug|Any CPU.ActiveCfg = Debug|Any CPU
		{196A30DF-13B7-4ED0-88DD-758C775CDDF1}.Debug|Any CPU.Build.0 = Debug|Any CPU
		{196A30DF-13B7-4ED0-88DD-758C775CDDF1}.Release|Any CPU.ActiveCfg = Release|Any CPU
		{196A30DF-13B7-4ED0-88DD-758C775CDDF1}.Release|Any CPU.Build.0 = Release|Any CPU
		{5D497D08-1856-4D3B-9CDC-739ACC40ADD3}.Debug|Any CPU.ActiveCfg = Debug|Any CPU
		{5D497D08-1856-4D3B-9CDC-739ACC40ADD3}.Debug|Any CPU.Build.0 = Debug|Any CPU
		{5D497D08-1856-4D3B-9CDC-739ACC40ADD3}.Release|Any CPU.ActiveCfg = Release|Any CPU
		{5D497D08-1856-4D3B-9CDC-739ACC40ADD3}.Release|Any CPU.Build.0 = Release|Any CPU
	EndGlobalSection
	GlobalSection(SolutionProperties) = preSolution
		HideSolutionNode = FALSE
	EndGlobalSection
	GlobalSection(ExtensibilityGlobals) = postSolution
		SolutionGuid = {55AE55E3-D64B-4B74-AEF2-EE6449622154}
	EndGlobalSection
EndGlobal
